// !$*UTF8*$!
{
	archiveVersion = 1;
	classes = {
	};
	objectVersion = 46;
	objects = {

/* Begin PBXBuildFile section */
		1E74629F1B4AC41C00D84B53 /* main.c in Sources */ = {isa = PBXBuildFile; fileRef = 1E74629E1B4AC41C00D84B53 /* main.c */; };
		1E7462A61B4AC44200D84B53 /* OpenCL.framework in Frameworks */ = {isa = PBXBuildFile; fileRef = 1E7462A51B4AC44200D84B53 /* OpenCL.framework */; };
		1E7462A91B4AD19700D84B53 /* kernel.cl in CopyFiles */ = {isa = PBXBuildFile; fileRef = 1E7462A71B4AD18400D84B53 /* kernel.cl */; };
		1E7462AA1B4ADC7400D84B53 /* kernel.cl in Sources */ = {isa = PBXBuildFile; fileRef = 1E7462A71B4AD18400D84B53 /* kernel.cl */; };
/* End PBXBuildFile section */

/* Begin PBXCopyFilesBuildPhase section */
		1E7462991B4AC41C00D84B53 /* CopyFiles */ = {
			isa = PBXCopyFilesBuildPhase;
			buildActionMask = 12;
			dstPath = "";
			dstSubfolderSpec = 16;
			files = (
				1E7462A91B4AD19700D84B53 /* kernel.cl in CopyFiles */,
			);
			runOnlyForDeploymentPostprocessing = 0;
		};
/* End PBXCopyFilesBuildPhase section */

/* Begin PBXFileReference section */
		1E74629B1B4AC41C00D84B53 /* OpenCLDiffusion */ = {isa = PBXFileReference; explicitFileType = "compiled.mach-o.executable"; includeInIndex = 0; path = OpenCLDiffusion; sourceTree = BUILT_PRODUCTS_DIR; };
		1E74629E1B4AC41C00D84B53 /* main.c */ = {isa = PBXFileReference; lastKnownFileType = sourcecode.c.c; path = main.c; sourceTree = "<group>"; };
		1E7462A51B4AC44200D84B53 /* OpenCL.framework */ = {isa = PBXFileReference; lastKnownFileType = wrapper.framework; name = OpenCL.framework; path = System/Library/Frameworks/OpenCL.framework; sourceTree = SDKROOT; };
		1E7462A71B4AD18400D84B53 /* kernel.cl */ = {isa = PBXFileReference; fileEncoding = 4; lastKnownFileType = sourcecode.opencl; path = kernel.cl; sourceTree = "<group>"; };
/* End PBXFileReference section */

/* Begin PBXFrameworksBuildPhase section */
		1E7462981B4AC41C00D84B53 /* Frameworks */ = {
			isa = PBXFrameworksBuildPhase;
			buildActionMask = 2147483647;
			files = (
				1E7462A61B4AC44200D84B53 /* OpenCL.framework in Frameworks */,
			);
			runOnlyForDeploymentPostprocessing = 0;
		};
/* End PBXFrameworksBuildPhase section */

/* Begin PBXGroup section */
		1E7462921B4AC41C00D84B53 = {
			isa = PBXGroup;
			children = (
				1E7462A51B4AC44200D84B53 /* OpenCL.framework */,
				1E74629D1B4AC41C00D84B53 /* OpenCLDiffusion */,
				1E74629C1B4AC41C00D84B53 /* Products */,
			);
			sourceTree = "<group>";
		};
		1E74629C1B4AC41C00D84B53 /* Products */ = {
			isa = PBXGroup;
			children = (
				1E74629B1B4AC41C00D84B53 /* OpenCLDiffusion */,
			);
			name = Products;
			sourceTree = "<group>";
		};
		1E74629D1B4AC41C00D84B53 /* OpenCLDiffusion */ = {
			isa = PBXGroup;
			children = (
				1E74629E1B4AC41C00D84B53 /* main.c */,
				1E7462A71B4AD18400D84B53 /* kernel.cl */,
			);
			path = OpenCLDiffusion;
			sourceTree = "<group>";
		};
/* End PBXGroup section */

/* Begin PBXNativeTarget section */
		1E74629A1B4AC41C00D84B53 /* OpenCLDiffusion */ = {
			isa = PBXNativeTarget;
			buildConfigurationList = 1E7462A21B4AC41C00D84B53 /* Build configuration list for PBXNativeTarget "OpenCLDiffusion" */;
			buildPhases = (
				1E7462971B4AC41C00D84B53 /* Sources */,
				1E7462981B4AC41C00D84B53 /* Frameworks */,
				1E7462991B4AC41C00D84B53 /* CopyFiles */,
			);
			buildRules = (
			);
			dependencies = (
			);
			name = OpenCLDiffusion;
			productName = OpenCLDiffusion;
			productReference = 1E74629B1B4AC41C00D84B53 /* OpenCLDiffusion */;
			productType = "com.apple.product-type.tool";
		};
/* End PBXNativeTarget section */

/* Begin PBXProject section */
		1E7462931B4AC41C00D84B53 /* Project object */ = {
			isa = PBXProject;
			attributes = {
				LastUpgradeCheck = 0640;
				ORGANIZATIONNAME = "Amalan Iyengar";
				TargetAttributes = {
					1E74629A1B4AC41C00D84B53 = {
						CreatedOnToolsVersion = 6.4;
					};
				};
			};
			buildConfigurationList = 1E7462961B4AC41C00D84B53 /* Build configuration list for PBXProject "OpenCLDiffusion" */;
			compatibilityVersion = "Xcode 3.2";
			developmentRegion = English;
			hasScannedForEncodings = 0;
			knownRegions = (
				en,
			);
			mainGroup = 1E7462921B4AC41C00D84B53;
			productRefGroup = 1E74629C1B4AC41C00D84B53 /* Products */;
			projectDirPath = "";
			projectRoot = "";
			targets = (
				1E74629A1B4AC41C00D84B53 /* OpenCLDiffusion */,
			);
		};
/* End PBXProject section */

/* Begin PBXSourcesBuildPhase section */
		1E7462971B4AC41C00D84B53 /* Sources */ = {
			isa = PBXSourcesBuildPhase;
			buildActionMask = 2147483647;
			files = (
				1E7462AA1B4ADC7400D84B53 /* kernel.cl in Sources */,
				1E74629F1B4AC41C00D84B53 /* main.c in Sources */,
			);
			runOnlyForDeploymentPostprocessing = 0;
		};
/* End PBXSourcesBuildPhase section */

/* Begin XCBuildConfiguration section */
		1E7462A01B4AC41C00D84B53 /* Debug */ = {
			isa = XCBuildConfiguration;
			buildSettings = {
				ALWAYS_SEARCH_USER_PATHS = NO;
				CLANG_CXX_LANGUAGE_STANDARD = "gnu++0x";
				CLANG_CXX_LIBRARY = "libc++";
				CLANG_ENABLE_MODULES = YES;
				CLANG_ENABLE_OBJC_ARC = YES;
				CLANG_WARN_BOOL_CONVERSION = YES;
				CLANG_WARN_CONSTANT_CONVERSION = YES;
				CLANG_WARN_DIRECT_OBJC_ISA_USAGE = YES_ERROR;
				CLANG_WARN_EMPTY_BODY = YES;
				CLANG_WARN_ENUM_CONVERSION = YES;
				CLANG_WARN_INT_CONVERSION = YES;
				CLANG_WARN_OBJC_ROOT_CLASS = YES_ERROR;
				CLANG_WARN_UNREACHABLE_CODE = YES;
				CLANG_WARN__DUPLICATE_METHOD_MATCH = YES;
				COPY_PHASE_STRIP = NO;
				DEBUG_INFORMATION_FORMAT = dwarf;
				ENABLE_STRICT_OBJC_MSGSEND = YES;
				GCC_C_LANGUAGE_STANDARD = gnu99;
				GCC_DYNAMIC_NO_PIC = NO;
				GCC_NO_COMMON_BLOCKS = YES;
				GCC_OPTIMIZATION_LEVEL = 0;
				GCC_PREPROCESSOR_DEFINITIONS = (
					"DEBUG=1",
					"$(inherited)",
				);
				GCC_SYMBOLS_PRIVATE_EXTERN = NO;
				GCC_WARN_64_TO_32_BIT_CONVERSION = YES;
				GCC_WARN_ABOUT_RETURN_TYPE = YES_ERROR;
				GCC_WARN_UNDECLARED_SELECTOR = YES;
				GCC_WARN_UNINITIALIZED_AUTOS = YES_AGGRESSIVE;
				GCC_WARN_UNUSED_FUNCTION = YES;
				GCC_WARN_UNUSED_VARIABLE = YES;
				MACOSX_DEPLOYMENT_TARGET = 10.10;
				MTL_ENABLE_DEBUG_INFO = YES;
				ONLY_ACTIVE_ARCH = YES;
				SDKROOT = macosx;
			};
			name = Debug;
		};
		1E7462A11B4AC41C00D84B53 /* Release */ = {
			isa = XCBuildConfiguration;
			buildSettings = {
				ALWAYS_SEARCH_USER_PATHS = NO;
				CLANG_CXX_LANGUAGE_STANDARD = "gnu++0x";
				CLANG_CXX_LIBRARY = "libc++";
				CLANG_ENABLE_MODULES = YES;
				CLANG_ENABLE_OBJC_ARC = YES;
				CLANG_WARN_BOOL_CONVERSION = YES;
				CLANG_WARN_CONSTANT_CONVERSION = YES;
				CLANG_WARN_DIRECT_OBJC_ISA_USAGE = YES_ERROR;
				CLANG_WARN_EMPTY_BODY = YES;
				CLANG_WARN_ENUM_CONVERSION = YES;
				CLANG_WARN_INT_CONVERSION = YES;
				CLANG_WARN_OBJC_ROOT_CLASS = YES_ERROR;
				CLANG_WARN_UNREACHABLE_CODE = YES;
				CLANG_WARN__DUPLICATE_METHOD_MATCH = YES;
				COPY_PHASE_STRIP = NO;
				DEBUG_INFORMATION_FORMAT = "dwarf-with-dsym";
				ENABLE_NS_ASSERTIONS = NO;
				ENABLE_STRICT_OBJC_MSGSEND = YES;
				GCC_C_LANGUAGE_STANDARD = gnu99;
				GCC_NO_COMMON_BLOCKS = YES;
				GCC_WARN_64_TO_32_BIT_CONVERSION = YES;
				GCC_WARN_ABOUT_RETURN_TYPE = YES_ERROR;
				GCC_WARN_UNDECLARED_SELECTOR = YES;
				GCC_WARN_UNINITIALIZED_AUTOS = YES_AGGRESSIVE;
				GCC_WARN_UNUSED_FUNCTION = YES;
				GCC_WARN_UNUSED_VARIABLE = YES;
				MACOSX_DEPLOYMENT_TARGET = 10.10;
				MTL_ENABLE_DEBUG_INFO = NO;
				SDKROOT = macosx;
			};
			name = Release;
		};
		1E7462A31B4AC41C00D84B53 /* Debug */ = {
			isa = XCBuildConfiguration;
			buildSettings = {
				PRODUCT_NAME = "$(TARGET_NAME)";
			};
			name = Debug;
		};
		1E7462A41B4AC41C00D84B53 /* Release */ = {
			isa = XCBuildConfiguration;
			buildSettings = {
				PRODUCT_NAME = "$(TARGET_NAME)";
			};
			name = Release;
		};
/* End XCBuildConfiguration section */

/* Begin XCConfigurationList section */
		1E7462961B4AC41C00D84B53 /* Build configuration list for PBXProject "OpenCLDiffusion" */ = {
			isa = XCConfigurationList;
			buildConfigurations = (
				1E7462A01B4AC41C00D84B53 /* Debug */,
				1E7462A11B4AC41C00D84B53 /* Release */,
			);
			defaultConfigurationIsVisible = 0;
			defaultConfigurationName = Release;
		};
		1E7462A21B4AC41C00D84B53 /* Build configuration list for PBXNativeTarget "OpenCLDiffusion" */ = {
			isa = XCConfigurationList;
			buildConfigurations = (
				1E7462A31B4AC41C00D84B53 /* Debug */,
				1E7462A41B4AC41C00D84B53 /* Release */,
			);
			defaultConfigurationIsVisible = 0;
		};
/* End XCConfigurationList section */
	};
	rootObject = 1E7462931B4AC41C00D84B53 /* Project object */;
}
